
Microsoft Visual Studio Solution File, Format Version 12.00
# Visual Studio Version 17
VisualStudioVersion = 17.13.35507.96
MinimumVisualStudioVersion = 10.0.40219.1
Project("{9A19103F-16F7-4668-BE54-9A1E7A4F7556}") = "BadogASP(razor_pages)", "BadogASP(razor_pages)\BadogASP(razor_pages).csproj", "{A90E1503-FD3B-41F3-A229-C3E313BC0666}"
EndProject
Global
	GlobalSection(SolutionConfigurationPlatforms) = preSolution
		Debug|Any CPU = Debug|Any CPU
		Release|Any CPU = Release|Any CPU
	EndGlobalSection
	GlobalSection(ProjectConfigurationPlatforms) = postSolution
		{A90E1503-FD3B-41F3-A229-C3E313BC0666}.Debug|Any CPU.ActiveCfg = Debug|Any CPU
		{A90E1503-FD3B-41F3-A229-C3E313BC0666}.Debug|Any CPU.Build.0 = Debug|Any CPU
		{A90E1503-FD3B-41F3-A229-C3E313BC0666}.Release|Any CPU.ActiveCfg = Release|Any CPU
		{A90E1503-FD3B-41F3-A229-C3E313BC0666}.Release|Any CPU.Build.0 = Release|Any CPU
	EndGlobalSection
	GlobalSection(SolutionProperties) = preSolution
		HideSolutionNode = FALSE
	EndGlobalSection
	GlobalSection(ExtensibilityGlobals) = postSolution
		SolutionGuid = {7AA1D2AE-C6EE-4D53-8AB2-5777A53D92B6}
	EndGlobalSection
EndGlobal
